Microsoft Visual Studio Solution File, Format Version 8.00
Project("{FAE04EC0-301F-11D3-BF4B-00C04F79EFBC}") = "KML2GPX", "KML2GPX.csproj", "{FA1BB9B9-0AAE-48B5-9EB3-6899A9A7D67A}"
	ProjectSection(ProjectDependencies) = postProject
	EndProjectSection
EndProject
Global
	GlobalSection(SolutionConfiguration) = preSolution
		Debug = Debug
		Release = Release
	EndGlobalSection
	GlobalSection(ProjectConfiguration) = postSolution
		{FA1BB9B9-0AAE-48B5-9EB3-6899A9A7D67A}.Debug.ActiveCfg = Debug|.NET
		{FA1BB9B9-0AAE-48B5-9EB3-6899A9A7D67A}.Debug.Build.0 = Debug|.NET
		{FA1BB9B9-0AAE-48B5-9EB3-6899A9A7D67A}.Release.ActiveCfg = Release|.NET
		{FA1BB9B9-0AAE-48B5-9EB3-6899A9A7D67A}.Release.Build.0 = Release|.NET
	EndGlobalSection
	GlobalSection(ExtensibilityGlobals) = postSolution
	EndGlobalSection
	GlobalSection(ExtensibilityAddIns) = postSolution
	EndGlobalSection
EndGlobal
